
Microsoft Visual Studio Solution File, Format Version 12.00
# Visual Studio Version 17
VisualStudioVersion = 17.5.2.0
MinimumVisualStudioVersion = 10.0.40219.1
Project("{2150E333-8FDC-42A3-9474-1A3956D46DE8}") = "jojos-burger-BE", "jojos-burger-BE", "{76997B5B-AE4A-9281-3DF5-777A64E735BF}"
EndProject
Project("{2150E333-8FDC-42A3-9474-1A3956D46DE8}") = "services", "services", "{221721BF-26F6-678D-0DB5-1C75FF563D36}"
EndProject
Project("{FAE04EC0-301F-11D3-BF4B-00C04F79EFBC}") = "IdentityServerBFF", "jojos-burger-BE\services\IdentityServerBFF\IdentityServerBFF.csproj", "{C4FFC4D7-9A46-9CDE-69CA-EF3533C282F7}"
EndProject
Project("{FAE04EC0-301F-11D3-BF4B-00C04F79EFBC}") = "IdentityServerLogic", "jojos-burger-BE\services\IdentityServerLogic\IdentityServerLogic.csproj", "{A7DAFAF8-C381-0DD1-F825-AC5DF639B51F}"
EndProject
Project("{FAE04EC0-301F-11D3-BF4B-00C04F79EFBC}") = "WebhookReceiver", "jojos-burger-BE\services\WebhookReceiver\WebhookReceiver.csproj", "{D9D518BB-90C2-4E76-8D8D-4738B1E0B33F}"
EndProject
Project("{FAE04EC0-301F-11D3-BF4B-00C04F79EFBC}") = "EventBus", "jojos-burger-BE\services\EventBus\EventBus.csproj", "{723EA749-4AF8-46BD-97ED-8F4064DB8E00}"
EndProject
Project("{2150E333-8FDC-42A3-9474-1A3956D46DE8}") = "Payment.IntergrationEvents", "Payment.IntergrationEvents", "{B3D97874-0EE7-10E4-CE4F-629EEABD2E23}"
EndProject
Project("{FAE04EC0-301F-11D3-BF4B-00C04F79EFBC}") = "Payment.IntegrationEvents", "jojos-burger-BE\services\Payment.IntergrationEvents\Payment.IntegrationEvents.csproj", "{3031688A-5E9F-4019-B2BA-2A918E8B4212}"
EndProject
Project("{2150E333-8FDC-42A3-9474-1A3956D46DE8}") = "Ordering", "Ordering", "{72E92410-AD34-58D3-4FEB-0C721DC81923}"
EndProject
Project("{FAE04EC0-301F-11D3-BF4B-00C04F79EFBC}") = "Ordering.Domain", "jojos-burger-BE\services\Ordering\Ordering.Domain\Ordering.Domain.csproj", "{9F0D8CEA-DE3C-46BC-80AF-B5487921B073}"
EndProject
Project("{FAE04EC0-301F-11D3-BF4B-00C04F79EFBC}") = "Ordering.API", "jojos-burger-BE\services\Ordering\Ordering.API\Ordering.API.csproj", "{AA57BFE9-572D-492C-9740-116B2FE345CF}"
EndProject
Project("{FAE04EC0-301F-11D3-BF4B-00C04F79EFBC}") = "Ordering.Infrastructure", "jojos-burger-BE\services\Ordering\Ordering.Infrastructure\Ordering.Infrastructure.csproj", "{59BA699C-5429-4B95-B1F7-93EAE1414DEE}"
EndProject
Project("{FAE04EC0-301F-11D3-BF4B-00C04F79EFBC}") = "IntegrationEventLogEF", "jojos-burger-BE\services\IntegrationEventLogEF\IntegrationEventLogEF.csproj", "{9A1F3833-7C57-45A6-913D-A30434324C65}"
EndProject
Project("{FAE04EC0-301F-11D3-BF4B-00C04F79EFBC}") = "EventBusRabbitMQ", "jojos-burger-BE\services\EventBusRabbitMQ\EventBusRabbitMQ.csproj", "{E9A1F852-44AF-4E5E-A1E0-71CF00FA1F89}"
EndProject
Global
	GlobalSection(SolutionConfigurationPlatforms) = preSolution
		Debug|Any CPU = Debug|Any CPU
		Debug|x64 = Debug|x64
		Debug|x86 = Debug|x86
		Release|Any CPU = Release|Any CPU
		Release|x64 = Release|x64
		Release|x86 = Release|x86
	EndGlobalSection
	GlobalSection(ProjectConfigurationPlatforms) = postSolution
		{C4FFC4D7-9A46-9CDE-69CA-EF3533C282F7}.Debug|Any CPU.ActiveCfg = Debug|Any CPU
		{C4FFC4D7-9A46-9CDE-69CA-EF3533C282F7}.Debug|Any CPU.Build.0 = Debug|Any CPU
		{C4FFC4D7-9A46-9CDE-69CA-EF3533C282F7}.Debug|x64.ActiveCfg = Debug|Any CPU
		{C4FFC4D7-9A46-9CDE-69CA-EF3533C282F7}.Debug|x64.Build.0 = Debug|Any CPU
		{C4FFC4D7-9A46-9CDE-69CA-EF3533C282F7}.Debug|x86.ActiveCfg = Debug|Any CPU
		{C4FFC4D7-9A46-9CDE-69CA-EF3533C282F7}.Debug|x86.Build.0 = Debug|Any CPU
		{C4FFC4D7-9A46-9CDE-69CA-EF3533C282F7}.Release|Any CPU.ActiveCfg = Release|Any CPU
		{C4FFC4D7-9A46-9CDE-69CA-EF3533C282F7}.Release|Any CPU.Build.0 = Release|Any CPU
		{C4FFC4D7-9A46-9CDE-69CA-EF3533C282F7}.Release|x64.ActiveCfg = Release|Any CPU
		{C4FFC4D7-9A46-9CDE-69CA-EF3533C282F7}.Release|x64.Build.0 = Release|Any CPU
		{C4FFC4D7-9A46-9CDE-69CA-EF3533C282F7}.Release|x86.ActiveCfg = Release|Any CPU
		{C4FFC4D7-9A46-9CDE-69CA-EF3533C282F7}.Release|x86.Build.0 = Release|Any CPU
		{A7DAFAF8-C381-0DD1-F825-AC5DF639B51F}.Debug|Any CPU.ActiveCfg = Debug|Any CPU
		{A7DAFAF8-C381-0DD1-F825-AC5DF639B51F}.Debug|Any CPU.Build.0 = Debug|Any CPU
		{A7DAFAF8-C381-0DD1-F825-AC5DF639B51F}.Debug|x64.ActiveCfg = Debug|Any CPU
		{A7DAFAF8-C381-0DD1-F825-AC5DF639B51F}.Debug|x64.Build.0 = Debug|Any CPU
		{A7DAFAF8-C381-0DD1-F825-AC5DF639B51F}.Debug|x86.ActiveCfg = Debug|Any CPU
		{A7DAFAF8-C381-0DD1-F825-AC5DF639B51F}.Debug|x86.Build.0 = Debug|Any CPU
		{A7DAFAF8-C381-0DD1-F825-AC5DF639B51F}.Release|Any CPU.ActiveCfg = Release|Any CPU
		{A7DAFAF8-C381-0DD1-F825-AC5DF639B51F}.Release|Any CPU.Build.0 = Release|Any CPU
		{A7DAFAF8-C381-0DD1-F825-AC5DF639B51F}.Release|x64.ActiveCfg = Release|Any CPU
		{A7DAFAF8-C381-0DD1-F825-AC5DF639B51F}.Release|x64.Build.0 = Release|Any CPU
		{A7DAFAF8-C381-0DD1-F825-AC5DF639B51F}.Release|x86.ActiveCfg = Release|Any CPU
		{A7DAFAF8-C381-0DD1-F825-AC5DF639B51F}.Release|x86.Build.0 = Release|Any CPU
		{D9D518BB-90C2-4E76-8D8D-4738B1E0B33F}.Debug|Any CPU.ActiveCfg = Debug|Any CPU
		{D9D518BB-90C2-4E76-8D8D-4738B1E0B33F}.Debug|Any CPU.Build.0 = Debug|Any CPU
		{D9D518BB-90C2-4E76-8D8D-4738B1E0B33F}.Debug|x64.ActiveCfg = Debug|Any CPU
		{D9D518BB-90C2-4E76-8D8D-4738B1E0B33F}.Debug|x64.Build.0 = Debug|Any CPU
		{D9D518BB-90C2-4E76-8D8D-4738B1E0B33F}.Debug|x86.ActiveCfg = Debug|Any CPU
		{D9D518BB-90C2-4E76-8D8D-4738B1E0B33F}.Debug|x86.Build.0 = Debug|Any CPU
		{D9D518BB-90C2-4E76-8D8D-4738B1E0B33F}.Release|Any CPU.ActiveCfg = Release|Any CPU
		{D9D518BB-90C2-4E76-8D8D-4738B1E0B33F}.Release|Any CPU.Build.0 = Release|Any CPU
		{D9D518BB-90C2-4E76-8D8D-4738B1E0B33F}.Release|x64.ActiveCfg = Release|Any CPU
		{D9D518BB-90C2-4E76-8D8D-4738B1E0B33F}.Release|x64.Build.0 = Release|Any CPU
		{D9D518BB-90C2-4E76-8D8D-4738B1E0B33F}.Release|x86.ActiveCfg = Release|Any CPU
		{D9D518BB-90C2-4E76-8D8D-4738B1E0B33F}.Release|x86.Build.0 = Release|Any CPU
		{723EA749-4AF8-46BD-97ED-8F4064DB8E00}.Debug|Any CPU.ActiveCfg = Debug|Any CPU
		{723EA749-4AF8-46BD-97ED-8F4064DB8E00}.Debug|Any CPU.Build.0 = Debug|Any CPU
		{723EA749-4AF8-46BD-97ED-8F4064DB8E00}.Debug|x64.ActiveCfg = Debug|Any CPU
		{723EA749-4AF8-46BD-97ED-8F4064DB8E00}.Debug|x64.Build.0 = Debug|Any CPU
		{723EA749-4AF8-46BD-97ED-8F4064DB8E00}.Debug|x86.ActiveCfg = Debug|Any CPU
		{723EA749-4AF8-46BD-97ED-8F4064DB8E00}.Debug|x86.Build.0 = Debug|Any CPU
		{723EA749-4AF8-46BD-97ED-8F4064DB8E00}.Release|Any CPU.ActiveCfg = Release|Any CPU
		{723EA749-4AF8-46BD-97ED-8F4064DB8E00}.Release|Any CPU.Build.0 = Release|Any CPU
		{723EA749-4AF8-46BD-97ED-8F4064DB8E00}.Release|x64.ActiveCfg = Release|Any CPU
		{723EA749-4AF8-46BD-97ED-8F4064DB8E00}.Release|x64.Build.0 = Release|Any CPU
		{723EA749-4AF8-46BD-97ED-8F4064DB8E00}.Release|x86.ActiveCfg = Release|Any CPU
		{723EA749-4AF8-46BD-97ED-8F4064DB8E00}.Release|x86.Build.0 = Release|Any CPU
		{3031688A-5E9F-4019-B2BA-2A918E8B4212}.Debug|Any CPU.ActiveCfg = Debug|Any CPU
		{3031688A-5E9F-4019-B2BA-2A918E8B4212}.Debug|Any CPU.Build.0 = Debug|Any CPU
		{3031688A-5E9F-4019-B2BA-2A918E8B4212}.Debug|x64.ActiveCfg = Debug|Any CPU
		{3031688A-5E9F-4019-B2BA-2A918E8B4212}.Debug|x64.Build.0 = Debug|Any CPU
		{3031688A-5E9F-4019-B2BA-2A918E8B4212}.Debug|x86.ActiveCfg = Debug|Any CPU
		{3031688A-5E9F-4019-B2BA-2A918E8B4212}.Debug|x86.Build.0 = Debug|Any CPU
		{3031688A-5E9F-4019-B2BA-2A918E8B4212}.Release|Any CPU.ActiveCfg = Release|Any CPU
		{3031688A-5E9F-4019-B2BA-2A918E8B4212}.Release|Any CPU.Build.0 = Release|Any CPU
		{3031688A-5E9F-4019-B2BA-2A918E8B4212}.Release|x64.ActiveCfg = Release|Any CPU
		{3031688A-5E9F-4019-B2BA-2A918E8B4212}.Release|x64.Build.0 = Release|Any CPU
		{3031688A-5E9F-4019-B2BA-2A918E8B4212}.Release|x86.ActiveCfg = Release|Any CPU
		{3031688A-5E9F-4019-B2BA-2A918E8B4212}.Release|x86.Build.0 = Release|Any CPU
		{9F0D8CEA-DE3C-46BC-80AF-B5487921B073}.Debug|Any CPU.ActiveCfg = Debug|Any CPU
		{9F0D8CEA-DE3C-46BC-80AF-B5487921B073}.Debug|Any CPU.Build.0 = Debug|Any CPU
		{9F0D8CEA-DE3C-46BC-80AF-B5487921B073}.Debug|x64.ActiveCfg = Debug|Any CPU
		{9F0D8CEA-DE3C-46BC-80AF-B5487921B073}.Debug|x64.Build.0 = Debug|Any CPU
		{9F0D8CEA-DE3C-46BC-80AF-B5487921B073}.Debug|x86.ActiveCfg = Debug|Any CPU
		{9F0D8CEA-DE3C-46BC-80AF-B5487921B073}.Debug|x86.Build.0 = Debug|Any CPU
		{9F0D8CEA-DE3C-46BC-80AF-B5487921B073}.Release|Any CPU.ActiveCfg = Release|Any CPU
		{9F0D8CEA-DE3C-46BC-80AF-B5487921B073}.Release|Any CPU.Build.0 = Release|Any CPU
		{9F0D8CEA-DE3C-46BC-80AF-B5487921B073}.Release|x64.ActiveCfg = Release|Any CPU
		{9F0D8CEA-DE3C-46BC-80AF-B5487921B073}.Release|x64.Build.0 = Release|Any CPU
		{9F0D8CEA-DE3C-46BC-80AF-B5487921B073}.Release|x86.ActiveCfg = Release|Any CPU
		{9F0D8CEA-DE3C-46BC-80AF-B5487921B073}.Release|x86.Build.0 = Release|Any CPU
		{AA57BFE9-572D-492C-9740-116B2FE345CF}.Debug|Any CPU.ActiveCfg = Debug|Any CPU
		{AA57BFE9-572D-492C-9740-116B2FE345CF}.Debug|Any CPU.Build.0 = Debug|Any CPU
		{AA57BFE9-572D-492C-9740-116B2FE345CF}.Debug|x64.ActiveCfg = Debug|Any CPU
		{AA57BFE9-572D-492C-9740-116B2FE345CF}.Debug|x64.Build.0 = Debug|Any CPU
		{AA57BFE9-572D-492C-9740-116B2FE345CF}.Debug|x86.ActiveCfg = Debug|Any CPU
		{AA57BFE9-572D-492C-9740-116B2FE345CF}.Debug|x86.Build.0 = Debug|Any CPU
		{AA57BFE9-572D-492C-9740-116B2FE345CF}.Release|Any CPU.ActiveCfg = Release|Any CPU
		{AA57BFE9-572D-492C-9740-116B2FE345CF}.Release|Any CPU.Build.0 = Release|Any CPU
		{AA57BFE9-572D-492C-9740-116B2FE345CF}.Release|x64.ActiveCfg = Release|Any CPU
		{AA57BFE9-572D-492C-9740-116B2FE345CF}.Release|x64.Build.0 = Release|Any CPU
		{AA57BFE9-572D-492C-9740-116B2FE345CF}.Release|x86.ActiveCfg = Release|Any CPU
		{AA57BFE9-572D-492C-9740-116B2FE345CF}.Release|x86.Build.0 = Release|Any CPU
		{59BA699C-5429-4B95-B1F7-93EAE1414DEE}.Debug|Any CPU.ActiveCfg = Debug|Any CPU
		{59BA699C-5429-4B95-B1F7-93EAE1414DEE}.Debug|Any CPU.Build.0 = Debug|Any CPU
		{59BA699C-5429-4B95-B1F7-93EAE1414DEE}.Debug|x64.ActiveCfg = Debug|Any CPU
		{59BA699C-5429-4B95-B1F7-93EAE1414DEE}.Debug|x64.Build.0 = Debug|Any CPU
		{59BA699C-5429-4B95-B1F7-93EAE1414DEE}.Debug|x86.ActiveCfg = Debug|Any CPU
		{59BA699C-5429-4B95-B1F7-93EAE1414DEE}.Debug|x86.Build.0 = Debug|Any CPU
		{59BA699C-5429-4B95-B1F7-93EAE1414DEE}.Release|Any CPU.ActiveCfg = Release|Any CPU
		{59BA699C-5429-4B95-B1F7-93EAE1414DEE}.Release|Any CPU.Build.0 = Release|Any CPU
		{59BA699C-5429-4B95-B1F7-93EAE1414DEE}.Release|x64.ActiveCfg = Release|Any CPU
		{59BA699C-5429-4B95-B1F7-93EAE1414DEE}.Release|x64.Build.0 = Release|Any CPU
		{59BA699C-5429-4B95-B1F7-93EAE1414DEE}.Release|x86.ActiveCfg = Release|Any CPU
		{59BA699C-5429-4B95-B1F7-93EAE1414DEE}.Release|x86.Build.0 = Release|Any CPU
		{9A1F3833-7C57-45A6-913D-A30434324C65}.Debug|Any CPU.ActiveCfg = Debug|Any CPU
		{9A1F3833-7C57-45A6-913D-A30434324C65}.Debug|Any CPU.Build.0 = Debug|Any CPU
		{9A1F3833-7C57-45A6-913D-A30434324C65}.Debug|x64.ActiveCfg = Debug|Any CPU
		{9A1F3833-7C57-45A6-913D-A30434324C65}.Debug|x64.Build.0 = Debug|Any CPU
		{9A1F3833-7C57-45A6-913D-A30434324C65}.Debug|x86.ActiveCfg = Debug|Any CPU
		{9A1F3833-7C57-45A6-913D-A30434324C65}.Debug|x86.Build.0 = Debug|Any CPU
		{9A1F3833-7C57-45A6-913D-A30434324C65}.Release|Any CPU.ActiveCfg = Release|Any CPU
		{9A1F3833-7C57-45A6-913D-A30434324C65}.Release|Any CPU.Build.0 = Release|Any CPU
		{9A1F3833-7C57-45A6-913D-A30434324C65}.Release|x64.ActiveCfg = Release|Any CPU
		{9A1F3833-7C57-45A6-913D-A30434324C65}.Release|x64.Build.0 = Release|Any CPU
		{9A1F3833-7C57-45A6-913D-A30434324C65}.Release|x86.ActiveCfg = Release|Any CPU
		{9A1F3833-7C57-45A6-913D-A30434324C65}.Release|x86.Build.0 = Release|Any CPU
		{E9A1F852-44AF-4E5E-A1E0-71CF00FA1F89}.Debug|Any CPU.ActiveCfg = Debug|Any CPU
		{E9A1F852-44AF-4E5E-A1E0-71CF00FA1F89}.Debug|Any CPU.Build.0 = Debug|Any CPU
		{E9A1F852-44AF-4E5E-A1E0-71CF00FA1F89}.Debug|x64.ActiveCfg = Debug|Any CPU
		{E9A1F852-44AF-4E5E-A1E0-71CF00FA1F89}.Debug|x64.Build.0 = Debug|Any CPU
		{E9A1F852-44AF-4E5E-A1E0-71CF00FA1F89}.Debug|x86.ActiveCfg = Debug|Any CPU
		{E9A1F852-44AF-4E5E-A1E0-71CF00FA1F89}.Debug|x86.Build.0 = Debug|Any CPU
		{E9A1F852-44AF-4E5E-A1E0-71CF00FA1F89}.Release|Any CPU.ActiveCfg = Release|Any CPU
		{E9A1F852-44AF-4E5E-A1E0-71CF00FA1F89}.Release|Any CPU.Build.0 = Release|Any CPU
		{E9A1F852-44AF-4E5E-A1E0-71CF00FA1F89}.Release|x64.ActiveCfg = Release|Any CPU
		{E9A1F852-44AF-4E5E-A1E0-71CF00FA1F89}.Release|x64.Build.0 = Release|Any CPU
		{E9A1F852-44AF-4E5E-A1E0-71CF00FA1F89}.Release|x86.ActiveCfg = Release|Any CPU
		{E9A1F852-44AF-4E5E-A1E0-71CF00FA1F89}.Release|x86.Build.0 = Release|Any CPU
	EndGlobalSection
	GlobalSection(SolutionProperties) = preSolution
		HideSolutionNode = FALSE
	EndGlobalSection
	GlobalSection(NestedProjects) = preSolution
		{221721BF-26F6-678D-0DB5-1C75FF563D36} = {76997B5B-AE4A-9281-3DF5-777A64E735BF}
		{C4FFC4D7-9A46-9CDE-69CA-EF3533C282F7} = {221721BF-26F6-678D-0DB5-1C75FF563D36}
		{A7DAFAF8-C381-0DD1-F825-AC5DF639B51F} = {221721BF-26F6-678D-0DB5-1C75FF563D36}
		{D9D518BB-90C2-4E76-8D8D-4738B1E0B33F} = {221721BF-26F6-678D-0DB5-1C75FF563D36}
		{723EA749-4AF8-46BD-97ED-8F4064DB8E00} = {221721BF-26F6-678D-0DB5-1C75FF563D36}
		{B3D97874-0EE7-10E4-CE4F-629EEABD2E23} = {221721BF-26F6-678D-0DB5-1C75FF563D36}
		{3031688A-5E9F-4019-B2BA-2A918E8B4212} = {B3D97874-0EE7-10E4-CE4F-629EEABD2E23}
		{72E92410-AD34-58D3-4FEB-0C721DC81923} = {221721BF-26F6-678D-0DB5-1C75FF563D36}
		{9F0D8CEA-DE3C-46BC-80AF-B5487921B073} = {72E92410-AD34-58D3-4FEB-0C721DC81923}
		{AA57BFE9-572D-492C-9740-116B2FE345CF} = {72E92410-AD34-58D3-4FEB-0C721DC81923}
		{59BA699C-5429-4B95-B1F7-93EAE1414DEE} = {72E92410-AD34-58D3-4FEB-0C721DC81923}
		{9A1F3833-7C57-45A6-913D-A30434324C65} = {221721BF-26F6-678D-0DB5-1C75FF563D36}
		{E9A1F852-44AF-4E5E-A1E0-71CF00FA1F89} = {221721BF-26F6-678D-0DB5-1C75FF563D36}
	EndGlobalSection
	GlobalSection(ExtensibilityGlobals) = postSolution
		SolutionGuid = {AB9B043E-DE66-45D1-87B2-6FB7190E80AA}
	EndGlobalSection
EndGlobal
