Microsoft Visual Studio Solution File, Format Version 12.00
# Visual Studio Version 17
VisualStudioVersion = 17.5.2.0
MinimumVisualStudioVersion = 10.0.40219.1
Project("{2150E333-8FDC-42A3-9474-1A3956D46DE8}") = "jojos-burger-BE", "jojos-burger-BE", "{76997B5B-AE4A-9281-3DF5-777A64E735BF}"
EndProject
Project("{2150E333-8FDC-42A3-9474-1A3956D46DE8}") = "services", "services", "{221721BF-26F6-678D-0DB5-1C75FF563D36}"
EndProject
Project("{FAE04EC0-301F-11D3-BF4B-00C04F79EFBC}") = "IdentityServerBFF", "jojos-burger-BE\services\IdentityServerBFF\IdentityServerBFF.csproj", "{C4FFC4D7-9A46-9CDE-69CA-EF3533C282F7}"
EndProject
Project("{FAE04EC0-301F-11D3-BF4B-00C04F79EFBC}") = "IdentityServerLogic", "jojos-burger-BE\services\IdentityServerLogic\IdentityServerLogic.csproj", "{A7DAFAF8-C381-0DD1-F825-AC5DF639B51F}"
EndProject
Global
	GlobalSection(SolutionConfigurationPlatforms) = preSolution
		Debug|Any CPU = Debug|Any CPU
		Release|Any CPU = Release|Any CPU
	EndGlobalSection
	GlobalSection(ProjectConfigurationPlatforms) = postSolution
		{C4FFC4D7-9A46-9CDE-69CA-EF3533C282F7}.Debug|Any CPU.ActiveCfg = Debug|Any CPU
		{C4FFC4D7-9A46-9CDE-69CA-EF3533C282F7}.Debug|Any CPU.Build.0 = Debug|Any CPU
		{C4FFC4D7-9A46-9CDE-69CA-EF3533C282F7}.Release|Any CPU.ActiveCfg = Release|Any CPU
		{C4FFC4D7-9A46-9CDE-69CA-EF3533C282F7}.Release|Any CPU.Build.0 = Release|Any CPU
		{A7DAFAF8-C381-0DD1-F825-AC5DF639B51F}.Debug|Any CPU.ActiveCfg = Debug|Any CPU
		{A7DAFAF8-C381-0DD1-F825-AC5DF639B51F}.Debug|Any CPU.Build.0 = Debug|Any CPU
		{A7DAFAF8-C381-0DD1-F825-AC5DF639B51F}.Release|Any CPU.ActiveCfg = Release|Any CPU
		{A7DAFAF8-C381-0DD1-F825-AC5DF639B51F}.Release|Any CPU.Build.0 = Release|Any CPU
	EndGlobalSection
	GlobalSection(SolutionProperties) = preSolution
		HideSolutionNode = FALSE
	EndGlobalSection
	GlobalSection(NestedProjects) = preSolution
		{221721BF-26F6-678D-0DB5-1C75FF563D36} = {76997B5B-AE4A-9281-3DF5-777A64E735BF}
		{C4FFC4D7-9A46-9CDE-69CA-EF3533C282F7} = {221721BF-26F6-678D-0DB5-1C75FF563D36}
		{A7DAFAF8-C381-0DD1-F825-AC5DF639B51F} = {221721BF-26F6-678D-0DB5-1C75FF563D36}
	EndGlobalSection
	GlobalSection(ExtensibilityGlobals) = postSolution
		SolutionGuid = {AB9B043E-DE66-45D1-87B2-6FB7190E80AA}
	EndGlobalSection
EndGlobal
