
Microsoft Visual Studio Solution File, Format Version 12.00
# Visual Studio Version 17
VisualStudioVersion = 17.5.2.0
MinimumVisualStudioVersion = 10.0.40219.1
Project("{2150E333-8FDC-42A3-9474-1A3956D46DE8}") = "jojos-burger-BE", "jojos-burger-BE", "{76997B5B-AE4A-9281-3DF5-777A64E735BF}"
EndProject
Project("{2150E333-8FDC-42A3-9474-1A3956D46DE8}") = "services", "services", "{221721BF-26F6-678D-0DB5-1C75FF563D36}"
EndProject
Project("{FAE04EC0-301F-11D3-BF4B-00C04F79EFBC}") = "IdentityServerBFF", "jojos-burger-BE\services\IdentityServerBFF\IdentityServerBFF.csproj", "{C4FFC4D7-9A46-9CDE-69CA-EF3533C282F7}"
EndProject
Project("{FAE04EC0-301F-11D3-BF4B-00C04F79EFBC}") = "IdentityServerLogic", "jojos-burger-BE\services\IdentityServerLogic\IdentityServerLogic.csproj", "{A7DAFAF8-C381-0DD1-F825-AC5DF639B51F}"
EndProject
Project("{FAE04EC0-301F-11D3-BF4B-00C04F79EFBC}") = "WebhookReceiver", "jojos-burger-BE\services\WebhookReceiver\WebhookReceiver.csproj", "{D9D518BB-90C2-4E76-8D8D-4738B1E0B33F}"
EndProject
Project("{FAE04EC0-301F-11D3-BF4B-00C04F79EFBC}") = "EventBus", "jojos-burger-BE\services\EventBus\EventBus.csproj", "{723EA749-4AF8-46BD-97ED-8F4064DB8E00}"
EndProject
Project("{2150E333-8FDC-42A3-9474-1A3956D46DE8}") = "Payment.IntergrationEvents", "Payment.IntergrationEvents", "{B3D97874-0EE7-10E4-CE4F-629EEABD2E23}"
EndProject
Project("{FAE04EC0-301F-11D3-BF4B-00C04F79EFBC}") = "Payment.IntegrationEvents", "jojos-burger-BE\services\Payment.IntergrationEvents\Payment.IntegrationEvents.csproj", "{3031688A-5E9F-4019-B2BA-2A918E8B4212}"
EndProject
Global
	GlobalSection(SolutionConfigurationPlatforms) = preSolution
		Debug|Any CPU = Debug|Any CPU
		Debug|x64 = Debug|x64
		Debug|x86 = Debug|x86
		Release|Any CPU = Release|Any CPU
		Release|x64 = Release|x64
		Release|x86 = Release|x86
	EndGlobalSection
	GlobalSection(ProjectConfigurationPlatforms) = postSolution
		{C4FFC4D7-9A46-9CDE-69CA-EF3533C282F7}.Debug|Any CPU.ActiveCfg = Debug|Any CPU
		{C4FFC4D7-9A46-9CDE-69CA-EF3533C282F7}.Debug|Any CPU.Build.0 = Debug|Any CPU
		{C4FFC4D7-9A46-9CDE-69CA-EF3533C282F7}.Debug|x64.ActiveCfg = Debug|Any CPU
		{C4FFC4D7-9A46-9CDE-69CA-EF3533C282F7}.Debug|x64.Build.0 = Debug|Any CPU
		{C4FFC4D7-9A46-9CDE-69CA-EF3533C282F7}.Debug|x86.ActiveCfg = Debug|Any CPU
		{C4FFC4D7-9A46-9CDE-69CA-EF3533C282F7}.Debug|x86.Build.0 = Debug|Any CPU
		{C4FFC4D7-9A46-9CDE-69CA-EF3533C282F7}.Release|Any CPU.ActiveCfg = Release|Any CPU
		{C4FFC4D7-9A46-9CDE-69CA-EF3533C282F7}.Release|Any CPU.Build.0 = Release|Any CPU
		{C4FFC4D7-9A46-9CDE-69CA-EF3533C282F7}.Release|x64.ActiveCfg = Release|Any CPU
		{C4FFC4D7-9A46-9CDE-69CA-EF3533C282F7}.Release|x64.Build.0 = Release|Any CPU
		{C4FFC4D7-9A46-9CDE-69CA-EF3533C282F7}.Release|x86.ActiveCfg = Release|Any CPU
		{C4FFC4D7-9A46-9CDE-69CA-EF3533C282F7}.Release|x86.Build.0 = Release|Any CPU
		{A7DAFAF8-C381-0DD1-F825-AC5DF639B51F}.Debug|Any CPU.ActiveCfg = Debug|Any CPU
		{A7DAFAF8-C381-0DD1-F825-AC5DF639B51F}.Debug|Any CPU.Build.0 = Debug|Any CPU
		{A7DAFAF8-C381-0DD1-F825-AC5DF639B51F}.Debug|x64.ActiveCfg = Debug|Any CPU
		{A7DAFAF8-C381-0DD1-F825-AC5DF639B51F}.Debug|x64.Build.0 = Debug|Any CPU
		{A7DAFAF8-C381-0DD1-F825-AC5DF639B51F}.Debug|x86.ActiveCfg = Debug|Any CPU
		{A7DAFAF8-C381-0DD1-F825-AC5DF639B51F}.Debug|x86.Build.0 = Debug|Any CPU
		{A7DAFAF8-C381-0DD1-F825-AC5DF639B51F}.Release|Any CPU.ActiveCfg = Release|Any CPU
		{A7DAFAF8-C381-0DD1-F825-AC5DF639B51F}.Release|Any CPU.Build.0 = Release|Any CPU
		{A7DAFAF8-C381-0DD1-F825-AC5DF639B51F}.Release|x64.ActiveCfg = Release|Any CPU
		{A7DAFAF8-C381-0DD1-F825-AC5DF639B51F}.Release|x64.Build.0 = Release|Any CPU
		{A7DAFAF8-C381-0DD1-F825-AC5DF639B51F}.Release|x86.ActiveCfg = Release|Any CPU
		{A7DAFAF8-C381-0DD1-F825-AC5DF639B51F}.Release|x86.Build.0 = Release|Any CPU
		{D9D518BB-90C2-4E76-8D8D-4738B1E0B33F}.Debug|Any CPU.ActiveCfg = Debug|Any CPU
		{D9D518BB-90C2-4E76-8D8D-4738B1E0B33F}.Debug|Any CPU.Build.0 = Debug|Any CPU
		{D9D518BB-90C2-4E76-8D8D-4738B1E0B33F}.Debug|x64.ActiveCfg = Debug|Any CPU
		{D9D518BB-90C2-4E76-8D8D-4738B1E0B33F}.Debug|x64.Build.0 = Debug|Any CPU
		{D9D518BB-90C2-4E76-8D8D-4738B1E0B33F}.Debug|x86.ActiveCfg = Debug|Any CPU
		{D9D518BB-90C2-4E76-8D8D-4738B1E0B33F}.Debug|x86.Build.0 = Debug|Any CPU
		{D9D518BB-90C2-4E76-8D8D-4738B1E0B33F}.Release|Any CPU.ActiveCfg = Release|Any CPU
		{D9D518BB-90C2-4E76-8D8D-4738B1E0B33F}.Release|Any CPU.Build.0 = Release|Any CPU
		{D9D518BB-90C2-4E76-8D8D-4738B1E0B33F}.Release|x64.ActiveCfg = Release|Any CPU
		{D9D518BB-90C2-4E76-8D8D-4738B1E0B33F}.Release|x64.Build.0 = Release|Any CPU
		{D9D518BB-90C2-4E76-8D8D-4738B1E0B33F}.Release|x86.ActiveCfg = Release|Any CPU
		{D9D518BB-90C2-4E76-8D8D-4738B1E0B33F}.Release|x86.Build.0 = Release|Any CPU
		{723EA749-4AF8-46BD-97ED-8F4064DB8E00}.Debug|Any CPU.ActiveCfg = Debug|Any CPU
		{723EA749-4AF8-46BD-97ED-8F4064DB8E00}.Debug|Any CPU.Build.0 = Debug|Any CPU
		{723EA749-4AF8-46BD-97ED-8F4064DB8E00}.Debug|x64.ActiveCfg = Debug|Any CPU
		{723EA749-4AF8-46BD-97ED-8F4064DB8E00}.Debug|x64.Build.0 = Debug|Any CPU
		{723EA749-4AF8-46BD-97ED-8F4064DB8E00}.Debug|x86.ActiveCfg = Debug|Any CPU
		{723EA749-4AF8-46BD-97ED-8F4064DB8E00}.Debug|x86.Build.0 = Debug|Any CPU
		{723EA749-4AF8-46BD-97ED-8F4064DB8E00}.Release|Any CPU.ActiveCfg = Release|Any CPU
		{723EA749-4AF8-46BD-97ED-8F4064DB8E00}.Release|Any CPU.Build.0 = Release|Any CPU
		{723EA749-4AF8-46BD-97ED-8F4064DB8E00}.Release|x64.ActiveCfg = Release|Any CPU
		{723EA749-4AF8-46BD-97ED-8F4064DB8E00}.Release|x64.Build.0 = Release|Any CPU
		{723EA749-4AF8-46BD-97ED-8F4064DB8E00}.Release|x86.ActiveCfg = Release|Any CPU
		{723EA749-4AF8-46BD-97ED-8F4064DB8E00}.Release|x86.Build.0 = Release|Any CPU
		{3031688A-5E9F-4019-B2BA-2A918E8B4212}.Debug|Any CPU.ActiveCfg = Debug|Any CPU
		{3031688A-5E9F-4019-B2BA-2A918E8B4212}.Debug|Any CPU.Build.0 = Debug|Any CPU
		{3031688A-5E9F-4019-B2BA-2A918E8B4212}.Debug|x64.ActiveCfg = Debug|Any CPU
		{3031688A-5E9F-4019-B2BA-2A918E8B4212}.Debug|x64.Build.0 = Debug|Any CPU
		{3031688A-5E9F-4019-B2BA-2A918E8B4212}.Debug|x86.ActiveCfg = Debug|Any CPU
		{3031688A-5E9F-4019-B2BA-2A918E8B4212}.Debug|x86.Build.0 = Debug|Any CPU
		{3031688A-5E9F-4019-B2BA-2A918E8B4212}.Release|Any CPU.ActiveCfg = Release|Any CPU
		{3031688A-5E9F-4019-B2BA-2A918E8B4212}.Release|Any CPU.Build.0 = Release|Any CPU
		{3031688A-5E9F-4019-B2BA-2A918E8B4212}.Release|x64.ActiveCfg = Release|Any CPU
		{3031688A-5E9F-4019-B2BA-2A918E8B4212}.Release|x64.Build.0 = Release|Any CPU
		{3031688A-5E9F-4019-B2BA-2A918E8B4212}.Release|x86.ActiveCfg = Release|Any CPU
		{3031688A-5E9F-4019-B2BA-2A918E8B4212}.Release|x86.Build.0 = Release|Any CPU
	EndGlobalSection
	GlobalSection(SolutionProperties) = preSolution
		HideSolutionNode = FALSE
	EndGlobalSection
	GlobalSection(NestedProjects) = preSolution
		{221721BF-26F6-678D-0DB5-1C75FF563D36} = {76997B5B-AE4A-9281-3DF5-777A64E735BF}
		{C4FFC4D7-9A46-9CDE-69CA-EF3533C282F7} = {221721BF-26F6-678D-0DB5-1C75FF563D36}
		{A7DAFAF8-C381-0DD1-F825-AC5DF639B51F} = {221721BF-26F6-678D-0DB5-1C75FF563D36}
		{D9D518BB-90C2-4E76-8D8D-4738B1E0B33F} = {221721BF-26F6-678D-0DB5-1C75FF563D36}
		{723EA749-4AF8-46BD-97ED-8F4064DB8E00} = {221721BF-26F6-678D-0DB5-1C75FF563D36}
		{B3D97874-0EE7-10E4-CE4F-629EEABD2E23} = {221721BF-26F6-678D-0DB5-1C75FF563D36}
		{3031688A-5E9F-4019-B2BA-2A918E8B4212} = {B3D97874-0EE7-10E4-CE4F-629EEABD2E23}
	EndGlobalSection
	GlobalSection(ExtensibilityGlobals) = postSolution
		SolutionGuid = {AB9B043E-DE66-45D1-87B2-6FB7190E80AA}
	EndGlobalSection
EndGlobal
